
Microsoft Visual Studio Solution File, Format Version 11.00
# Visual Studio 2010
Project("{FAE04EC0-301F-11D3-BF4B-00C04F79EFBC}") = "EPiTest.WebDriverExtension", "EPiTest.WebDriverExtension\EPiTest.WebDriverExtension.csproj", "{8837A5FF-696E-4F02-94AA-DCDB612212F0}"
EndProject
Project("{FAE04EC0-301F-11D3-BF4B-00C04F79EFBC}") = "EPiTest.WebDriverExtension.Specs", "EPiTest.WebDriverExtension.Specs\EPiTest.WebDriverExtension.Specs.csproj", "{BC9B5345-B8C2-41AE-9A12-AC44EF16A3F6}"
EndProject
Global
	GlobalSection(SolutionConfigurationPlatforms) = preSolution
		Debug|Any CPU = Debug|Any CPU
		Release|Any CPU = Release|Any CPU
	EndGlobalSection
	GlobalSection(ProjectConfigurationPlatforms) = postSolution
		{8837A5FF-696E-4F02-94AA-DCDB612212F0}.Debug|Any CPU.ActiveCfg = Debug|Any CPU
		{8837A5FF-696E-4F02-94AA-DCDB612212F0}.Debug|Any CPU.Build.0 = Debug|Any CPU
		{8837A5FF-696E-4F02-94AA-DCDB612212F0}.Release|Any CPU.ActiveCfg = Release|Any CPU
		{8837A5FF-696E-4F02-94AA-DCDB612212F0}.Release|Any CPU.Build.0 = Release|Any CPU
		{BC9B5345-B8C2-41AE-9A12-AC44EF16A3F6}.Debug|Any CPU.ActiveCfg = Debug|Any CPU
		{BC9B5345-B8C2-41AE-9A12-AC44EF16A3F6}.Debug|Any CPU.Build.0 = Debug|Any CPU
		{BC9B5345-B8C2-41AE-9A12-AC44EF16A3F6}.Release|Any CPU.ActiveCfg = Release|Any CPU
		{BC9B5345-B8C2-41AE-9A12-AC44EF16A3F6}.Release|Any CPU.Build.0 = Release|Any CPU
	EndGlobalSection
	GlobalSection(SolutionProperties) = preSolution
		HideSolutionNode = FALSE
	EndGlobalSection
EndGlobal
