
Microsoft Visual Studio Solution File, Format Version 11.00
# Visual Studio 2010
Project("{FAE04EC0-301F-11D3-BF4B-00C04F79EFBC}") = "EPiTest.WebDriverExtension.Specs", "EPiTest.WebDriverExtension.Specs\EPiTest.WebDriverExtension.Specs.csproj", "{BC9B5345-B8C2-41AE-9A12-AC44EF16A3F6}"
EndProject
Project("{FAE04EC0-301F-11D3-BF4B-00C04F79EFBC}") = "EPiTest.UI", "EPiTest.UI\EPiTest.UI.csproj", "{6447D3C5-E99F-42B1-9B89-20BAB3257751}"
EndProject
Project("{FAE04EC0-301F-11D3-BF4B-00C04F79EFBC}") = "EPiTest.UI.AlloyTechSample", "EPiTest.UI.AlloyTechSample\EPiTest.UI.AlloyTechSample.csproj", "{3212BCD3-10F0-4A96-8458-7218CB72A215}"
EndProject
Project("{FAE04EC0-301F-11D3-BF4B-00C04F79EFBC}") = "EPiTest.Core", "EPiTest.Core\EPiTest.Core.csproj", "{884C90F5-753C-43D2-BCFA-55AEE097BE80}"
EndProject
Project("{FAE04EC0-301F-11D3-BF4B-00C04F79EFBC}") = "EPiTest.DB", "EPiTest.DB\EPiTest.DB.csproj", "{9363B183-4890-4310-A66B-36C0EE186581}"
EndProject
Global
	GlobalSection(SolutionConfigurationPlatforms) = preSolution
		Debug|Any CPU = Debug|Any CPU
		Release|Any CPU = Release|Any CPU
	EndGlobalSection
	GlobalSection(ProjectConfigurationPlatforms) = postSolution
		{BC9B5345-B8C2-41AE-9A12-AC44EF16A3F6}.Debug|Any CPU.ActiveCfg = Debug|Any CPU
		{BC9B5345-B8C2-41AE-9A12-AC44EF16A3F6}.Debug|Any CPU.Build.0 = Debug|Any CPU
		{BC9B5345-B8C2-41AE-9A12-AC44EF16A3F6}.Release|Any CPU.ActiveCfg = Release|Any CPU
		{BC9B5345-B8C2-41AE-9A12-AC44EF16A3F6}.Release|Any CPU.Build.0 = Release|Any CPU
		{6447D3C5-E99F-42B1-9B89-20BAB3257751}.Debug|Any CPU.ActiveCfg = Debug|Any CPU
		{6447D3C5-E99F-42B1-9B89-20BAB3257751}.Debug|Any CPU.Build.0 = Debug|Any CPU
		{6447D3C5-E99F-42B1-9B89-20BAB3257751}.Release|Any CPU.ActiveCfg = Release|Any CPU
		{6447D3C5-E99F-42B1-9B89-20BAB3257751}.Release|Any CPU.Build.0 = Release|Any CPU
		{3212BCD3-10F0-4A96-8458-7218CB72A215}.Debug|Any CPU.ActiveCfg = Debug|Any CPU
		{3212BCD3-10F0-4A96-8458-7218CB72A215}.Debug|Any CPU.Build.0 = Debug|Any CPU
		{3212BCD3-10F0-4A96-8458-7218CB72A215}.Release|Any CPU.ActiveCfg = Release|Any CPU
		{3212BCD3-10F0-4A96-8458-7218CB72A215}.Release|Any CPU.Build.0 = Release|Any CPU
		{884C90F5-753C-43D2-BCFA-55AEE097BE80}.Debug|Any CPU.ActiveCfg = Debug|Any CPU
		{884C90F5-753C-43D2-BCFA-55AEE097BE80}.Debug|Any CPU.Build.0 = Debug|Any CPU
		{884C90F5-753C-43D2-BCFA-55AEE097BE80}.Release|Any CPU.ActiveCfg = Release|Any CPU
		{884C90F5-753C-43D2-BCFA-55AEE097BE80}.Release|Any CPU.Build.0 = Release|Any CPU
		{9363B183-4890-4310-A66B-36C0EE186581}.Debug|Any CPU.ActiveCfg = Debug|Any CPU
		{9363B183-4890-4310-A66B-36C0EE186581}.Debug|Any CPU.Build.0 = Debug|Any CPU
		{9363B183-4890-4310-A66B-36C0EE186581}.Release|Any CPU.ActiveCfg = Release|Any CPU
		{9363B183-4890-4310-A66B-36C0EE186581}.Release|Any CPU.Build.0 = Release|Any CPU
	EndGlobalSection
	GlobalSection(SolutionProperties) = preSolution
		HideSolutionNode = FALSE
	EndGlobalSection
EndGlobal
